{
  "version": "0.2.0",
  "tag": "v0.2.0",
  "debs": {
    "arm64": {
      "url": "https://github.com/mikegrundvig/frc-spotter/releases/download/v0.2.0/frc-spotter_0.2.0_arm64.deb",
      "sha256": "d4c3f325d35317764064569064355ce319fe557417f06ce9c436c4523fe0d999"
    },
    "amd64": {
      "url": "https://github.com/mikegrundvig/frc-spotter/releases/download/v0.2.0/frc-spotter_0.2.0_amd64.deb",
      "sha256": "1ed326801877570a7ee1d3e8f149ad05e4048a29ad4eecb9ead8e3bd88e8d002"
    }
  }
}
