{
  "version": "0.1.1",
  "tag": "v0.1.1",
  "debs": {
    "arm64": {
      "url": "https://github.com/mikegrundvig/frc-spotter/releases/download/v0.1.1/frc-coprocessor-agent_0.1.1_arm64.deb",
      "sha256": "469e6f4540b8dd772c1cf1df5ba9511dccbefb679a982a78dba15d435177f793"
    },
    "amd64": {
      "url": "https://github.com/mikegrundvig/frc-spotter/releases/download/v0.1.1/frc-coprocessor-agent_0.1.1_amd64.deb",
      "sha256": "221db51b34faef8725fe95c193a4e03166b6d3c3ae438382e904ee9414434ed1"
    }
  }
}
